<?xml version="1.0" encoding="utf-8"?>
<Project ToolsVersion="4.0" xmlns="http://schemas.microsoft.com/developer/msbuild/2003">
  <ItemGroup>
    <ClCompile Include="App.cpp" />
    <ClCompile Include="pch.cpp" />
    <ClCompile Include="Primitives\Cube.cpp" />
    <ClCompile Include="Renderer\DeviceUtils.cpp" />
    <ClCompile Include="Renderer\Renderer.cpp" />
  </ItemGroup>
  <ItemGroup>
    <ClInclude Include="App.h" />
    <ClInclude Include="Common\d3dx12.h" />
    <ClInclude Include="Common\DirectXHelper.h" />
    <ClInclude Include="Common\StepTimer.h" />
    <ClInclude Include="pch.h" />
    <ClInclude Include="Primitives\Cube.h" />
    <ClInclude Include="Renderer\DeviceUtils.h" />
    <ClInclude Include="Renderer\Renderer.h" />
    <ClInclude Include="Renderer\VertexFormats.h" />
    <ClInclude Include="resource.h" />
    <ClInclude Include="Shaders\Constants\LightingConstantsBuffer.h">
      <Filter>Shaders\Constants</Filter>
    </ClInclude>
  </ItemGroup>
  <ItemGroup>
    <ResourceCompile Include="Chapter 4 - Lighting.rc" />
  </ItemGroup>
  <ItemGroup>
    <Image Include="Assets\SplashScreen.scale-200.png">
      <Filter>Assets</Filter>
    </Image>
    <Image Include="Assets\Square44x44Logo.scale-200.png">
      <Filter>Assets</Filter>
    </Image>
    <Image Include="Assets\Square44x44Logo.targetsize-24_altform-unplated.png">
      <Filter>Assets</Filter>
    </Image>
    <Image Include="Assets\Square150x150Logo.scale-200.png">
      <Filter>Assets</Filter>
    </Image>
    <Image Include="Assets\StoreLogo.png">
      <Filter>Assets</Filter>
    </Image>
    <Image Include="Assets\Wide310x150Logo.scale-200.png">
      <Filter>Assets</Filter>
    </Image>
    <Image Include="Assets\LockScreenLogo.scale-200.png">
      <Filter>Assets</Filter>
    </Image>
  </ItemGroup>
  <ItemGroup>
    <AppxManifest Include="Package.appxmanifest" />
  </ItemGroup>
  <ItemGroup>
    <None Include="packages.config" />
    <None Include="Assets\crate\fragile.dds">
      <Filter>Assets\crate</Filter>
    </None>
    <None Include="Assets\crate\crate.dds">
      <Filter>Assets\crate</Filter>
    </None>
    <None Include="Assets\crate\credits.txt">
      <Filter>Assets\crate</Filter>
    </None>
  </ItemGroup>
  <ItemGroup>
    <Filter Include="Shaders">
      <UniqueIdentifier>{7d2a9648-f071-4637-8700-8ec5d4bd6752}</UniqueIdentifier>
    </Filter>
    <Filter Include="Shaders\VertexShaders">
      <UniqueIdentifier>{21100888-d7a5-45f4-8f51-cfae0986abcc}</UniqueIdentifier>
    </Filter>
    <Filter Include="Shaders\PixelShaders">
      <UniqueIdentifier>{a3521866-29d6-44cb-81d5-bc37db44d67a}</UniqueIdentifier>
    </Filter>
    <Filter Include="Assets">
      <UniqueIdentifier>{1aea2307-4f39-4ae2-928f-8b1f96128cef}</UniqueIdentifier>
    </Filter>
    <Filter Include="Assets\crate">
      <UniqueIdentifier>{3bd76f75-0187-43bc-a057-2157909bd095}</UniqueIdentifier>
    </Filter>
    <Filter Include="Shaders\Constants">
      <UniqueIdentifier>{98cc3b02-046f-4723-bdde-232b9d2a4a08}</UniqueIdentifier>
    </Filter>
  </ItemGroup>
  <ItemGroup>
    <FxCompile Include="Shaders\PixelShaders\Color.hlsl">
      <Filter>Shaders\PixelShaders</Filter>
    </FxCompile>
    <FxCompile Include="Shaders\PixelShaders\TexCoord.hlsl">
      <Filter>Shaders\PixelShaders</Filter>
    </FxCompile>
    <FxCompile Include="Shaders\VertexShaders\Color.hlsl">
      <Filter>Shaders\VertexShaders</Filter>
    </FxCompile>
    <FxCompile Include="Shaders\VertexShaders\TexCoord.hlsl">
      <Filter>Shaders\VertexShaders</Filter>
    </FxCompile>
    <FxCompile Include="Shaders\VertexShaders\Lighting.hlsl">
      <Filter>Shaders\VertexShaders</Filter>
    </FxCompile>
    <FxCompile Include="Shaders\PixelShaders\Lighting.hlsl">
      <Filter>Shaders\PixelShaders</Filter>
    </FxCompile>
  </ItemGroup>
</Project>